
Microsoft Visual Studio Solution File, Format Version 12.00
# Visual Studio 2012
Project("{D954291E-2A0B-460D-934E-DC6B0785DB48}") = "Myfish", "Myfish.shproj", "{16CAD3F9-11E5-4785-9FDB-B93CAFF413DE}"
EndProject
Project("{FAE04EC0-301F-11D3-BF4B-00C04F79EFBC}") = "Myfish.iOS", "iOS\Myfish.iOS.csproj", "{E80CB453-4DB9-4F1B-95AC-3BD02E081A67}"
EndProject
Project("{FAE04EC0-301F-11D3-BF4B-00C04F79EFBC}") = "Myfish.Droid", "Droid\Myfish.Droid.csproj", "{4D2FE210-0B7E-431E-928D-CD4114088994}"
EndProject
Global
	GlobalSection(SolutionConfigurationPlatforms) = preSolution
		Debug|iPhoneSimulator = Debug|iPhoneSimulator
		Release|iPhone = Release|iPhone
		Release|iPhoneSimulator = Release|iPhoneSimulator
		Debug|iPhone = Debug|iPhone
		Debug|Any CPU = Debug|Any CPU
		Release|Any CPU = Release|Any CPU
	EndGlobalSection
	GlobalSection(ProjectConfigurationPlatforms) = postSolution
		{E80CB453-4DB9-4F1B-95AC-3BD02E081A67}.Debug|iPhoneSimulator.ActiveCfg = Debug|iPhoneSimulator
		{E80CB453-4DB9-4F1B-95AC-3BD02E081A67}.Debug|iPhoneSimulator.Build.0 = Debug|iPhoneSimulator
		{E80CB453-4DB9-4F1B-95AC-3BD02E081A67}.Release|iPhone.ActiveCfg = Release|iPhone
		{E80CB453-4DB9-4F1B-95AC-3BD02E081A67}.Release|iPhone.Build.0 = Release|iPhone
		{E80CB453-4DB9-4F1B-95AC-3BD02E081A67}.Release|iPhoneSimulator.ActiveCfg = Release|iPhoneSimulator
		{E80CB453-4DB9-4F1B-95AC-3BD02E081A67}.Release|iPhoneSimulator.Build.0 = Release|iPhoneSimulator
		{E80CB453-4DB9-4F1B-95AC-3BD02E081A67}.Debug|iPhone.ActiveCfg = Debug|iPhone
		{E80CB453-4DB9-4F1B-95AC-3BD02E081A67}.Debug|iPhone.Build.0 = Debug|iPhone
		{E80CB453-4DB9-4F1B-95AC-3BD02E081A67}.Debug|Any CPU.ActiveCfg = Debug|iPhoneSimulator
		{E80CB453-4DB9-4F1B-95AC-3BD02E081A67}.Debug|Any CPU.Build.0 = Debug|iPhoneSimulator
		{E80CB453-4DB9-4F1B-95AC-3BD02E081A67}.Release|Any CPU.ActiveCfg = Release|iPhone
		{E80CB453-4DB9-4F1B-95AC-3BD02E081A67}.Release|Any CPU.Build.0 = Release|iPhone
		{4D2FE210-0B7E-431E-928D-CD4114088994}.Debug|iPhoneSimulator.ActiveCfg = Debug|Any CPU
		{4D2FE210-0B7E-431E-928D-CD4114088994}.Debug|iPhoneSimulator.Build.0 = Debug|Any CPU
		{4D2FE210-0B7E-431E-928D-CD4114088994}.Release|iPhone.ActiveCfg = Release|Any CPU
		{4D2FE210-0B7E-431E-928D-CD4114088994}.Release|iPhone.Build.0 = Release|Any CPU
		{4D2FE210-0B7E-431E-928D-CD4114088994}.Release|iPhoneSimulator.ActiveCfg = Release|Any CPU
		{4D2FE210-0B7E-431E-928D-CD4114088994}.Release|iPhoneSimulator.Build.0 = Release|Any CPU
		{4D2FE210-0B7E-431E-928D-CD4114088994}.Debug|iPhone.ActiveCfg = Debug|Any CPU
		{4D2FE210-0B7E-431E-928D-CD4114088994}.Debug|iPhone.Build.0 = Debug|Any CPU
		{4D2FE210-0B7E-431E-928D-CD4114088994}.Debug|Any CPU.ActiveCfg = Debug|Any CPU
		{4D2FE210-0B7E-431E-928D-CD4114088994}.Debug|Any CPU.Build.0 = Debug|Any CPU
		{4D2FE210-0B7E-431E-928D-CD4114088994}.Release|Any CPU.ActiveCfg = Release|Any CPU
		{4D2FE210-0B7E-431E-928D-CD4114088994}.Release|Any CPU.Build.0 = Release|Any CPU
	EndGlobalSection
EndGlobal
